
Microsoft Visual Studio Solution File, Format Version 12.00
# Visual Studio 15
VisualStudioVersion = 15.0.26730.12
MinimumVisualStudioVersion = 10.0.40219.1
Project("{8BC9CEB8-8B4A-11D0-8D11-00A0C91BC942}") = "Fall2017_2Dproject", "Fall2017_2Dproject\Fall2017_2Dproject.vcxproj", "{4DBD0595-92F2-4EAC-8970-2DEC79375F64}"
EndProject
Project("{39E2626F-3545-4960-A6E8-258AD8476CE5}") = "SDL2_Application", "..\SDL2_Application\SDL2_Application\SDL2_Application.androidproj", "{8196D927-D6B3-496D-8B28-99C7324E5DFD}"
EndProject
Global
	GlobalSection(SolutionConfigurationPlatforms) = preSolution
		Android_Debug|ARM = Android_Debug|ARM
		Android_Debug|ARM64 = Android_Debug|ARM64
		Android_Debug|x64 = Android_Debug|x64
		Android_Debug|x86 = Android_Debug|x86
		Debug|ARM = Debug|ARM
		Debug|ARM64 = Debug|ARM64
		Debug|x64 = Debug|x64
		Debug|x86 = Debug|x86
		Release|ARM = Release|ARM
		Release|ARM64 = Release|ARM64
		Release|x64 = Release|x64
		Release|x86 = Release|x86
	EndGlobalSection
	GlobalSection(ProjectConfigurationPlatforms) = postSolution
		{4DBD0595-92F2-4EAC-8970-2DEC79375F64}.Android_Debug|ARM.ActiveCfg = Android_Debug|Win32
		{4DBD0595-92F2-4EAC-8970-2DEC79375F64}.Android_Debug|ARM64.ActiveCfg = Android_Debug|Win32
		{4DBD0595-92F2-4EAC-8970-2DEC79375F64}.Android_Debug|x64.ActiveCfg = Android_Debug|x64
		{4DBD0595-92F2-4EAC-8970-2DEC79375F64}.Android_Debug|x64.Build.0 = Android_Debug|x64
		{4DBD0595-92F2-4EAC-8970-2DEC79375F64}.Android_Debug|x86.ActiveCfg = Android_Debug|Win32
		{4DBD0595-92F2-4EAC-8970-2DEC79375F64}.Android_Debug|x86.Build.0 = Android_Debug|Win32
		{4DBD0595-92F2-4EAC-8970-2DEC79375F64}.Debug|ARM.ActiveCfg = Debug|Win32
		{4DBD0595-92F2-4EAC-8970-2DEC79375F64}.Debug|ARM64.ActiveCfg = Debug|Win32
		{4DBD0595-92F2-4EAC-8970-2DEC79375F64}.Debug|x64.ActiveCfg = Debug|x64
		{4DBD0595-92F2-4EAC-8970-2DEC79375F64}.Debug|x64.Build.0 = Debug|x64
		{4DBD0595-92F2-4EAC-8970-2DEC79375F64}.Debug|x86.ActiveCfg = Debug|Win32
		{4DBD0595-92F2-4EAC-8970-2DEC79375F64}.Debug|x86.Build.0 = Debug|Win32
		{4DBD0595-92F2-4EAC-8970-2DEC79375F64}.Release|ARM.ActiveCfg = Release|Win32
		{4DBD0595-92F2-4EAC-8970-2DEC79375F64}.Release|ARM64.ActiveCfg = Release|Win32
		{4DBD0595-92F2-4EAC-8970-2DEC79375F64}.Release|x64.ActiveCfg = Release|x64
		{4DBD0595-92F2-4EAC-8970-2DEC79375F64}.Release|x64.Build.0 = Release|x64
		{4DBD0595-92F2-4EAC-8970-2DEC79375F64}.Release|x86.ActiveCfg = Release|Win32
		{4DBD0595-92F2-4EAC-8970-2DEC79375F64}.Release|x86.Build.0 = Release|Win32
		{8196D927-D6B3-496D-8B28-99C7324E5DFD}.Android_Debug|ARM.ActiveCfg = Android_Debug|ARM
		{8196D927-D6B3-496D-8B28-99C7324E5DFD}.Android_Debug|ARM.Build.0 = Android_Debug|ARM
		{8196D927-D6B3-496D-8B28-99C7324E5DFD}.Android_Debug|ARM.Deploy.0 = Android_Debug|ARM
		{8196D927-D6B3-496D-8B28-99C7324E5DFD}.Android_Debug|ARM64.ActiveCfg = Android_Debug|ARM64
		{8196D927-D6B3-496D-8B28-99C7324E5DFD}.Android_Debug|ARM64.Build.0 = Android_Debug|ARM64
		{8196D927-D6B3-496D-8B28-99C7324E5DFD}.Android_Debug|ARM64.Deploy.0 = Android_Debug|ARM64
		{8196D927-D6B3-496D-8B28-99C7324E5DFD}.Android_Debug|x64.ActiveCfg = Android_Debug|x64
		{8196D927-D6B3-496D-8B28-99C7324E5DFD}.Android_Debug|x64.Build.0 = Android_Debug|x64
		{8196D927-D6B3-496D-8B28-99C7324E5DFD}.Android_Debug|x64.Deploy.0 = Android_Debug|x64
		{8196D927-D6B3-496D-8B28-99C7324E5DFD}.Android_Debug|x86.ActiveCfg = Android_Debug|x86
		{8196D927-D6B3-496D-8B28-99C7324E5DFD}.Android_Debug|x86.Build.0 = Android_Debug|x86
		{8196D927-D6B3-496D-8B28-99C7324E5DFD}.Android_Debug|x86.Deploy.0 = Android_Debug|x86
		{8196D927-D6B3-496D-8B28-99C7324E5DFD}.Debug|ARM.ActiveCfg = Debug|ARM
		{8196D927-D6B3-496D-8B28-99C7324E5DFD}.Debug|ARM.Build.0 = Debug|ARM
		{8196D927-D6B3-496D-8B28-99C7324E5DFD}.Debug|ARM.Deploy.0 = Debug|ARM
		{8196D927-D6B3-496D-8B28-99C7324E5DFD}.Debug|ARM64.ActiveCfg = Debug|ARM64
		{8196D927-D6B3-496D-8B28-99C7324E5DFD}.Debug|ARM64.Build.0 = Debug|ARM64
		{8196D927-D6B3-496D-8B28-99C7324E5DFD}.Debug|ARM64.Deploy.0 = Debug|ARM64
		{8196D927-D6B3-496D-8B28-99C7324E5DFD}.Debug|x64.ActiveCfg = Debug|x64
		{8196D927-D6B3-496D-8B28-99C7324E5DFD}.Debug|x64.Build.0 = Debug|x64
		{8196D927-D6B3-496D-8B28-99C7324E5DFD}.Debug|x64.Deploy.0 = Debug|x64
		{8196D927-D6B3-496D-8B28-99C7324E5DFD}.Debug|x86.ActiveCfg = Debug|x86
		{8196D927-D6B3-496D-8B28-99C7324E5DFD}.Release|ARM.ActiveCfg = Release|ARM
		{8196D927-D6B3-496D-8B28-99C7324E5DFD}.Release|ARM.Build.0 = Release|ARM
		{8196D927-D6B3-496D-8B28-99C7324E5DFD}.Release|ARM.Deploy.0 = Release|ARM
		{8196D927-D6B3-496D-8B28-99C7324E5DFD}.Release|ARM64.ActiveCfg = Release|ARM64
		{8196D927-D6B3-496D-8B28-99C7324E5DFD}.Release|ARM64.Build.0 = Release|ARM64
		{8196D927-D6B3-496D-8B28-99C7324E5DFD}.Release|ARM64.Deploy.0 = Release|ARM64
		{8196D927-D6B3-496D-8B28-99C7324E5DFD}.Release|x64.ActiveCfg = Release|x64
		{8196D927-D6B3-496D-8B28-99C7324E5DFD}.Release|x64.Build.0 = Release|x64
		{8196D927-D6B3-496D-8B28-99C7324E5DFD}.Release|x64.Deploy.0 = Release|x64
		{8196D927-D6B3-496D-8B28-99C7324E5DFD}.Release|x86.ActiveCfg = Release|x86
	EndGlobalSection
	GlobalSection(SolutionProperties) = preSolution
		HideSolutionNode = FALSE
	EndGlobalSection
	GlobalSection(ExtensibilityGlobals) = postSolution
		SolutionGuid = {B4ABC3E5-D809-42BF-B714-83E5B65653E1}
	EndGlobalSection
EndGlobal
